
Microsoft Visual Studio Solution File, Format Version 12.00
Project("{FAE04EC0-301F-11D3-BF4B-00C04F79EFBC}") = "NoVanillaCitizens", "NoVanillaCitizens\NoVanillaCitizens.csproj", "{1450BC55-E6BA-4DB3-A471-6D380B4482AA}"
EndProject
Global
	GlobalSection(SolutionConfigurationPlatforms) = preSolution
		Debug|Any CPU = Debug|Any CPU
		Release|Any CPU = Release|Any CPU
	EndGlobalSection
	GlobalSection(ProjectConfigurationPlatforms) = postSolution
		{1450BC55-E6BA-4DB3-A471-6D380B4482AA}.Debug|Any CPU.ActiveCfg = Debug|Any CPU
		{1450BC55-E6BA-4DB3-A471-6D380B4482AA}.Debug|Any CPU.Build.0 = Debug|Any CPU
		{1450BC55-E6BA-4DB3-A471-6D380B4482AA}.Release|Any CPU.ActiveCfg = Release|Any CPU
		{1450BC55-E6BA-4DB3-A471-6D380B4482AA}.Release|Any CPU.Build.0 = Release|Any CPU
	EndGlobalSection
EndGlobal
